
Microsoft Visual Studio Solution File, Format Version 12.00
# Visual Studio Version 17
VisualStudioVersion = 17.14.36518.9
MinimumVisualStudioVersion = 10.0.40219.1
Project("{FAE04EC0-301F-11D3-BF4B-00C04F79EFBC}") = "ProjektAsm", "Source\ProjektAsm.csproj", "{EB7AAFF3-558E-4678-BBEA-727BA77BA6BB}"
	ProjectSection(ProjectDependencies) = postProject
		{64D50063-CB1A-45C2-BA5E-626CAB8C680A} = {64D50063-CB1A-45C2-BA5E-626CAB8C680A}
		{CB687508-3D91-4AAD-9C2C-6BD352F019B3} = {CB687508-3D91-4AAD-9C2C-6BD352F019B3}
	EndProjectSection
EndProject
Project("{8BC9CEB8-8B4A-11D0-8D11-00A0C91BC942}") = "ASMDLL", "ASMDLL\ASMDLL.vcxproj", "{64D50063-CB1A-45C2-BA5E-626CAB8C680A}"
EndProject
Project("{8BC9CEB8-8B4A-11D0-8D11-00A0C91BC942}") = "CPPDLL", "CPPDLL\CPPDLL.vcxproj", "{CB687508-3D91-4AAD-9C2C-6BD352F019B3}"
EndProject
Global
	GlobalSection(SolutionConfigurationPlatforms) = preSolution
		Debug|Any CPU = Debug|Any CPU
		Debug|x64 = Debug|x64
		Debug|x86 = Debug|x86
		Release|Any CPU = Release|Any CPU
		Release|x64 = Release|x64
		Release|x86 = Release|x86
	EndGlobalSection
	GlobalSection(ProjectConfigurationPlatforms) = postSolution
		{EB7AAFF3-558E-4678-BBEA-727BA77BA6BB}.Debug|Any CPU.ActiveCfg = Debug|Any CPU
		{EB7AAFF3-558E-4678-BBEA-727BA77BA6BB}.Debug|Any CPU.Build.0 = Debug|Any CPU
		{EB7AAFF3-558E-4678-BBEA-727BA77BA6BB}.Debug|x64.ActiveCfg = Debug|x64
		{EB7AAFF3-558E-4678-BBEA-727BA77BA6BB}.Debug|x64.Build.0 = Debug|x64
		{EB7AAFF3-558E-4678-BBEA-727BA77BA6BB}.Debug|x86.ActiveCfg = Debug|Any CPU
		{EB7AAFF3-558E-4678-BBEA-727BA77BA6BB}.Debug|x86.Build.0 = Debug|Any CPU
		{EB7AAFF3-558E-4678-BBEA-727BA77BA6BB}.Release|Any CPU.ActiveCfg = Release|Any CPU
		{EB7AAFF3-558E-4678-BBEA-727BA77BA6BB}.Release|Any CPU.Build.0 = Release|Any CPU
		{EB7AAFF3-558E-4678-BBEA-727BA77BA6BB}.Release|x64.ActiveCfg = Release|x64
		{EB7AAFF3-558E-4678-BBEA-727BA77BA6BB}.Release|x64.Build.0 = Release|x64
		{EB7AAFF3-558E-4678-BBEA-727BA77BA6BB}.Release|x86.ActiveCfg = Release|Any CPU
		{EB7AAFF3-558E-4678-BBEA-727BA77BA6BB}.Release|x86.Build.0 = Release|Any CPU
		{64D50063-CB1A-45C2-BA5E-626CAB8C680A}.Debug|Any CPU.ActiveCfg = Debug|x64
		{64D50063-CB1A-45C2-BA5E-626CAB8C680A}.Debug|Any CPU.Build.0 = Debug|x64
		{64D50063-CB1A-45C2-BA5E-626CAB8C680A}.Debug|x64.ActiveCfg = Debug|x64
		{64D50063-CB1A-45C2-BA5E-626CAB8C680A}.Debug|x64.Build.0 = Debug|x64
		{64D50063-CB1A-45C2-BA5E-626CAB8C680A}.Debug|x86.ActiveCfg = Debug|Win32
		{64D50063-CB1A-45C2-BA5E-626CAB8C680A}.Debug|x86.Build.0 = Debug|Win32
		{64D50063-CB1A-45C2-BA5E-626CAB8C680A}.Release|Any CPU.ActiveCfg = Release|x64
		{64D50063-CB1A-45C2-BA5E-626CAB8C680A}.Release|Any CPU.Build.0 = Release|x64
		{64D50063-CB1A-45C2-BA5E-626CAB8C680A}.Release|x64.ActiveCfg = Release|x64
		{64D50063-CB1A-45C2-BA5E-626CAB8C680A}.Release|x64.Build.0 = Release|x64
		{64D50063-CB1A-45C2-BA5E-626CAB8C680A}.Release|x86.ActiveCfg = Release|Win32
		{64D50063-CB1A-45C2-BA5E-626CAB8C680A}.Release|x86.Build.0 = Release|Win32
		{CB687508-3D91-4AAD-9C2C-6BD352F019B3}.Debug|Any CPU.ActiveCfg = Debug|x64
		{CB687508-3D91-4AAD-9C2C-6BD352F019B3}.Debug|Any CPU.Build.0 = Debug|x64
		{CB687508-3D91-4AAD-9C2C-6BD352F019B3}.Debug|x64.ActiveCfg = Debug|x64
		{CB687508-3D91-4AAD-9C2C-6BD352F019B3}.Debug|x64.Build.0 = Debug|x64
		{CB687508-3D91-4AAD-9C2C-6BD352F019B3}.Debug|x86.ActiveCfg = Debug|Win32
		{CB687508-3D91-4AAD-9C2C-6BD352F019B3}.Debug|x86.Build.0 = Debug|Win32
		{CB687508-3D91-4AAD-9C2C-6BD352F019B3}.Release|Any CPU.ActiveCfg = Release|x64
		{CB687508-3D91-4AAD-9C2C-6BD352F019B3}.Release|Any CPU.Build.0 = Release|x64
		{CB687508-3D91-4AAD-9C2C-6BD352F019B3}.Release|x64.ActiveCfg = Release|x64
		{CB687508-3D91-4AAD-9C2C-6BD352F019B3}.Release|x64.Build.0 = Release|x64
		{CB687508-3D91-4AAD-9C2C-6BD352F019B3}.Release|x86.ActiveCfg = Release|Win32
		{CB687508-3D91-4AAD-9C2C-6BD352F019B3}.Release|x86.Build.0 = Release|Win32
	EndGlobalSection
	GlobalSection(SolutionProperties) = preSolution
		HideSolutionNode = FALSE
	EndGlobalSection
	GlobalSection(ExtensibilityGlobals) = postSolution
		SolutionGuid = {6EB44F35-7A85-4DE2-9EF0-AA68E777A3BB}
	EndGlobalSection
EndGlobal
